
Microsoft Visual Studio Solution File, Format Version 12.00
# Visual Studio 15
VisualStudioVersion = 15.0.26730.3
MinimumVisualStudioVersion = 10.0.40219.1
Project("{2150E333-8FDC-42A3-9474-1A3956D46DE8}") = "src", "src", "{0B4EE810-AF8F-44E8-B6A9-C6F6102BD6A6}"
EndProject
Project("{2150E333-8FDC-42A3-9474-1A3956D46DE8}") = "Solution Items", "Solution Items", "{C77CFAD6-8789-4558-845D-75F57DE9247E}"
EndProject
Project("{9A19103F-16F7-4668-BE54-9A1E7A4F7556}") = "HOA", "src\HOA\HOA.csproj", "{40E52D9C-776D-4ABF-9BA0-C2B557E9B604}"
EndProject
Project("{9A19103F-16F7-4668-BE54-9A1E7A4F7556}") = "Tests", "src\Tests\Tests.csproj", "{C6684A7E-1120-41DB-BB85-6344E1A4FD6C}"
EndProject
Project("{FAE04EC0-301F-11D3-BF4B-00C04F79EFBC}") = "HOA.Export", "src\HOA.Export\HOA.Export.csproj", "{08687E44-93C7-4A8D-9651-E9249F6646B4}"
EndProject
Global
	GlobalSection(SolutionConfigurationPlatforms) = preSolution
		Debug|Any CPU = Debug|Any CPU
		Debug|x64 = Debug|x64
		Debug|x86 = Debug|x86
		Release|Any CPU = Release|Any CPU
		Release|x64 = Release|x64
		Release|x86 = Release|x86
	EndGlobalSection
	GlobalSection(ProjectConfigurationPlatforms) = postSolution
		{40E52D9C-776D-4ABF-9BA0-C2B557E9B604}.Debug|Any CPU.ActiveCfg = Debug|Any CPU
		{40E52D9C-776D-4ABF-9BA0-C2B557E9B604}.Debug|Any CPU.Build.0 = Debug|Any CPU
		{40E52D9C-776D-4ABF-9BA0-C2B557E9B604}.Debug|x64.ActiveCfg = Debug|Any CPU
		{40E52D9C-776D-4ABF-9BA0-C2B557E9B604}.Debug|x64.Build.0 = Debug|Any CPU
		{40E52D9C-776D-4ABF-9BA0-C2B557E9B604}.Debug|x86.ActiveCfg = Debug|Any CPU
		{40E52D9C-776D-4ABF-9BA0-C2B557E9B604}.Debug|x86.Build.0 = Debug|Any CPU
		{40E52D9C-776D-4ABF-9BA0-C2B557E9B604}.Release|Any CPU.ActiveCfg = Release|Any CPU
		{40E52D9C-776D-4ABF-9BA0-C2B557E9B604}.Release|Any CPU.Build.0 = Release|Any CPU
		{40E52D9C-776D-4ABF-9BA0-C2B557E9B604}.Release|x64.ActiveCfg = Release|Any CPU
		{40E52D9C-776D-4ABF-9BA0-C2B557E9B604}.Release|x64.Build.0 = Release|Any CPU
		{40E52D9C-776D-4ABF-9BA0-C2B557E9B604}.Release|x86.ActiveCfg = Release|Any CPU
		{40E52D9C-776D-4ABF-9BA0-C2B557E9B604}.Release|x86.Build.0 = Release|Any CPU
		{C6684A7E-1120-41DB-BB85-6344E1A4FD6C}.Debug|Any CPU.ActiveCfg = Debug|Any CPU
		{C6684A7E-1120-41DB-BB85-6344E1A4FD6C}.Debug|Any CPU.Build.0 = Debug|Any CPU
		{C6684A7E-1120-41DB-BB85-6344E1A4FD6C}.Debug|x64.ActiveCfg = Debug|Any CPU
		{C6684A7E-1120-41DB-BB85-6344E1A4FD6C}.Debug|x64.Build.0 = Debug|Any CPU
		{C6684A7E-1120-41DB-BB85-6344E1A4FD6C}.Debug|x86.ActiveCfg = Debug|Any CPU
		{C6684A7E-1120-41DB-BB85-6344E1A4FD6C}.Debug|x86.Build.0 = Debug|Any CPU
		{C6684A7E-1120-41DB-BB85-6344E1A4FD6C}.Release|Any CPU.ActiveCfg = Release|Any CPU
		{C6684A7E-1120-41DB-BB85-6344E1A4FD6C}.Release|Any CPU.Build.0 = Release|Any CPU
		{C6684A7E-1120-41DB-BB85-6344E1A4FD6C}.Release|x64.ActiveCfg = Release|Any CPU
		{C6684A7E-1120-41DB-BB85-6344E1A4FD6C}.Release|x64.Build.0 = Release|Any CPU
		{C6684A7E-1120-41DB-BB85-6344E1A4FD6C}.Release|x86.ActiveCfg = Release|Any CPU
		{C6684A7E-1120-41DB-BB85-6344E1A4FD6C}.Release|x86.Build.0 = Release|Any CPU
		{08687E44-93C7-4A8D-9651-E9249F6646B4}.Debug|Any CPU.ActiveCfg = Debug|Any CPU
		{08687E44-93C7-4A8D-9651-E9249F6646B4}.Debug|Any CPU.Build.0 = Debug|Any CPU
		{08687E44-93C7-4A8D-9651-E9249F6646B4}.Debug|x64.ActiveCfg = Debug|Any CPU
		{08687E44-93C7-4A8D-9651-E9249F6646B4}.Debug|x64.Build.0 = Debug|Any CPU
		{08687E44-93C7-4A8D-9651-E9249F6646B4}.Debug|x86.ActiveCfg = Debug|Any CPU
		{08687E44-93C7-4A8D-9651-E9249F6646B4}.Debug|x86.Build.0 = Debug|Any CPU
		{08687E44-93C7-4A8D-9651-E9249F6646B4}.Release|Any CPU.ActiveCfg = Release|Any CPU
		{08687E44-93C7-4A8D-9651-E9249F6646B4}.Release|Any CPU.Build.0 = Release|Any CPU
		{08687E44-93C7-4A8D-9651-E9249F6646B4}.Release|x64.ActiveCfg = Release|Any CPU
		{08687E44-93C7-4A8D-9651-E9249F6646B4}.Release|x64.Build.0 = Release|Any CPU
		{08687E44-93C7-4A8D-9651-E9249F6646B4}.Release|x86.ActiveCfg = Release|Any CPU
		{08687E44-93C7-4A8D-9651-E9249F6646B4}.Release|x86.Build.0 = Release|Any CPU
	EndGlobalSection
	GlobalSection(SolutionProperties) = preSolution
		HideSolutionNode = FALSE
	EndGlobalSection
	GlobalSection(NestedProjects) = preSolution
		{40E52D9C-776D-4ABF-9BA0-C2B557E9B604} = {0B4EE810-AF8F-44E8-B6A9-C6F6102BD6A6}
		{C6684A7E-1120-41DB-BB85-6344E1A4FD6C} = {0B4EE810-AF8F-44E8-B6A9-C6F6102BD6A6}
		{08687E44-93C7-4A8D-9651-E9249F6646B4} = {0B4EE810-AF8F-44E8-B6A9-C6F6102BD6A6}
	EndGlobalSection
	GlobalSection(ExtensibilityGlobals) = postSolution
		SolutionGuid = {98FBEA08-8B07-46BA-812D-973F0CDF192F}
	EndGlobalSection
EndGlobal
