
Microsoft Visual Studio Solution File, Format Version 12.00
# Visual Studio 14
VisualStudioVersion = 14.0.23107.0
MinimumVisualStudioVersion = 10.0.40219.1
Project("{2150E333-8FDC-42A3-9474-1A3956D46DE8}") = "src", "src", "{C17CF94B-EB19-4BC0-9404-C9C1A21D93D0}"
EndProject
Project("{2150E333-8FDC-42A3-9474-1A3956D46DE8}") = "Solution Items", "Solution Items", "{265AE637-CC51-4299-9F84-A04593684A36}"
	ProjectSection(SolutionItems) = preProject
		global.json = global.json
		NuGet.Config = NuGet.Config
	EndProjectSection
EndProject
Project("{8BB2217D-0F2D-49D1-97BC-3654ED321F3B}") = "HOA", "src\HOA\HOA.xproj", "{11ABA85A-AA59-4AB2-BA9E-01F79EBAB5B1}"
EndProject
Global
	GlobalSection(SolutionConfigurationPlatforms) = preSolution
		Debug|Any CPU = Debug|Any CPU
		Release|Any CPU = Release|Any CPU
	EndGlobalSection
	GlobalSection(ProjectConfigurationPlatforms) = postSolution
		{11ABA85A-AA59-4AB2-BA9E-01F79EBAB5B1}.Debug|Any CPU.ActiveCfg = Debug|Any CPU
		{11ABA85A-AA59-4AB2-BA9E-01F79EBAB5B1}.Debug|Any CPU.Build.0 = Debug|Any CPU
		{11ABA85A-AA59-4AB2-BA9E-01F79EBAB5B1}.Release|Any CPU.ActiveCfg = Release|Any CPU
		{11ABA85A-AA59-4AB2-BA9E-01F79EBAB5B1}.Release|Any CPU.Build.0 = Release|Any CPU
	EndGlobalSection
	GlobalSection(SolutionProperties) = preSolution
		HideSolutionNode = FALSE
	EndGlobalSection
	GlobalSection(NestedProjects) = preSolution
		{11ABA85A-AA59-4AB2-BA9E-01F79EBAB5B1} = {C17CF94B-EB19-4BC0-9404-C9C1A21D93D0}
	EndGlobalSection
EndGlobal
